
Microsoft Visual Studio Solution File, Format Version 12.00
# Visual Studio 14
VisualStudioVersion = 14.0.25123.0
MinimumVisualStudioVersion = 10.0.40219.1
Project("{2150E333-8FDC-42A3-9474-1A3956D46DE8}") = "src", "src", "{7944C371-40C1-49D9-8528-906B1643D78B}"
EndProject
Project("{2150E333-8FDC-42A3-9474-1A3956D46DE8}") = "Solution Items", "Solution Items", "{2CF6CE5A-A608-4F0D-A6DF-163507EE08F5}"
	ProjectSection(SolutionItems) = preProject
		.gitattributes = .gitattributes
		.gitignore = .gitignore
		global.json = global.json
	EndProjectSection
EndProject
Project("{8BB2217D-0F2D-49D1-97BC-3654ED321F3B}") = "EclipsePhase", "src\TableTopGenerators\EclipsePhase.xproj", "{D1C63F0A-E6CF-458F-9381-072CC15B5102}"
EndProject
Project("{8BB2217D-0F2D-49D1-97BC-3654ED321F3B}") = "DiceCalculator", "src\DiceCalculator\DiceCalculator.xproj", "{9EB28C7F-49EF-42FC-BA41-1EB9FB262A0C}"
EndProject
Global
	GlobalSection(SolutionConfigurationPlatforms) = preSolution
		Debug|Any CPU = Debug|Any CPU
		Release|Any CPU = Release|Any CPU
	EndGlobalSection
	GlobalSection(ProjectConfigurationPlatforms) = postSolution
		{D1C63F0A-E6CF-458F-9381-072CC15B5102}.Debug|Any CPU.ActiveCfg = Debug|Any CPU
		{D1C63F0A-E6CF-458F-9381-072CC15B5102}.Debug|Any CPU.Build.0 = Debug|Any CPU
		{D1C63F0A-E6CF-458F-9381-072CC15B5102}.Release|Any CPU.ActiveCfg = Release|Any CPU
		{D1C63F0A-E6CF-458F-9381-072CC15B5102}.Release|Any CPU.Build.0 = Release|Any CPU
		{9EB28C7F-49EF-42FC-BA41-1EB9FB262A0C}.Debug|Any CPU.ActiveCfg = Debug|Any CPU
		{9EB28C7F-49EF-42FC-BA41-1EB9FB262A0C}.Debug|Any CPU.Build.0 = Debug|Any CPU
		{9EB28C7F-49EF-42FC-BA41-1EB9FB262A0C}.Release|Any CPU.ActiveCfg = Release|Any CPU
		{9EB28C7F-49EF-42FC-BA41-1EB9FB262A0C}.Release|Any CPU.Build.0 = Release|Any CPU
	EndGlobalSection
	GlobalSection(SolutionProperties) = preSolution
		HideSolutionNode = FALSE
	EndGlobalSection
	GlobalSection(NestedProjects) = preSolution
		{D1C63F0A-E6CF-458F-9381-072CC15B5102} = {7944C371-40C1-49D9-8528-906B1643D78B}
		{9EB28C7F-49EF-42FC-BA41-1EB9FB262A0C} = {7944C371-40C1-49D9-8528-906B1643D78B}
	EndGlobalSection
EndGlobal
